
Microsoft Visual Studio Solution File, Format Version 12.00
# Visual Studio Version 16
VisualStudioVersion = 16.0.31025.194
MinimumVisualStudioVersion = 10.0.40219.1
Project("{FAE04EC0-301F-11D3-BF4B-00C04F79EFBC}") = "Final-Project", "Final-Project.csproj", "{19849557-6BC6-421E-B12E-79A124938513}"
EndProject
Global
	GlobalSection(SolutionConfigurationPlatforms) = preSolution
		Debug|Any CPU = Debug|Any CPU
		Release|Any CPU = Release|Any CPU
	EndGlobalSection
	GlobalSection(ProjectConfigurationPlatforms) = postSolution
		{19849557-6BC6-421E-B12E-79A124938513}.Debug|Any CPU.ActiveCfg = Debug|Any CPU
		{19849557-6BC6-421E-B12E-79A124938513}.Debug|Any CPU.Build.0 = Debug|Any CPU
		{19849557-6BC6-421E-B12E-79A124938513}.Release|Any CPU.ActiveCfg = Release|Any CPU
		{19849557-6BC6-421E-B12E-79A124938513}.Release|Any CPU.Build.0 = Release|Any CPU
	EndGlobalSection
	GlobalSection(SolutionProperties) = preSolution
		HideSolutionNode = FALSE
	EndGlobalSection
	GlobalSection(ExtensibilityGlobals) = postSolution
		SolutionGuid = {9C19A464-6F26-427B-8E39-AD3260A5E1D4}
	EndGlobalSection
EndGlobal
